  + resource "aws_instance" "res1_ec2" {
      + ami                                  = "ami-0d951b011aa0b2c19"
      + arn                                  = (known after apply)
      + associate_public_ip_address          = (known after apply)
      + availability_zone                    = (known after apply)
      + cpu_core_count                       = (known after apply)
      + cpu_threads_per_core                 = (known after apply)
      + disable_api_stop                     = (known after apply)
      + disable_api_termination              = (known after apply)
      + ebs_optimized                        = (known after apply)
      + get_password_data                    = false
      + host_id                              = (known after apply)
      + host_resource_group_arn              = (known after apply)
      + iam_instance_profile                 = (known after apply)
      + id                                   = (known after apply)
      + instance_initiated_shutdown_behavior = (known after apply)
      + instance_lifecycle                   = (known after apply)
      + instance_state                       = (known after apply)
      + instance_type                        = "t2.nano"
      + ipv6_address_count                   = (known after apply)
      + ipv6_addresses                       = (known after apply)
      + key_name                             = (known after apply)
      + monitoring                           = (known after apply)
      + outpost_arn                          = (known after apply)
      + password_data                        = (known after apply)
      + placement_group                      = (known after apply)
      + placement_partition_number           = (known after apply)
      + primary_network_interface_id         = (known after apply)
      + private_dns                          = (known after apply)
      + private_ip                           = (known after apply)
      + public_dns                           = (known after apply)
      + public_ip                            = (known after apply)
      + secondary_private_ips                = (known after apply)
      + security_groups                      = (known after apply)
      + source_dest_check                    = true
      + spot_instance_request_id             = (known after apply)
      + subnet_id                            = (known after apply)
      + tags                                 = {
          + "name" = "server1"
        }
      + tags_all                             = {
          + "name" = "server1"
        }
      + tenancy                              = (known after apply)
      + user_data                            = (known after apply)
      + user_data_base64                     = (known after apply)
      + user_data_replace_on_change          = false
      + vpc_security_group_ids               = (known after apply)
    }















[root@sktechnologieslinux terraform]# terraform show
# aws_instance.res1-ec2:
resource "aws_instance" "res1-ec2" {
    ami                                  = "ami-0d951b011aa0b2c19"
    arn                                  = "arn:aws:ec2:ap-south-1:034570475503:instance/i-032133a247f25c2a4"
    associate_public_ip_address          = true
    availability_zone                    = "ap-south-1a"
    cpu_core_count                       = 1
    cpu_threads_per_core                 = 1
    disable_api_stop                     = false
    disable_api_termination              = false
    ebs_optimized                        = false
    get_password_data                    = false
    hibernation                          = false
    id                                   = "i-032133a247f25c2a4"
    instance_initiated_shutdown_behavior = "stop"
    instance_state                       = "running"
    instance_type                        = "t2.nano"
    ipv6_address_count                   = 0
    ipv6_addresses                       = []
    key_name                             = "sktech-kg"
    monitoring                           = false
    placement_partition_number           = 0
    primary_network_interface_id         = "eni-0984296b91fef161d"
    private_dns                          = "ip-172-31-40-101.ap-south-1.compute.internal"
    private_ip                           = "172.31.40.101"
    public_dns                           = "ec2-65-2-191-40.ap-south-1.compute.amazonaws.com"
    public_ip                            = "65.2.191.40"
    secondary_private_ips                = []
    security_groups                      = [
        "launch-wizard-9",
    ]
    source_dest_check                    = true
    subnet_id                            = "subnet-03908d221f4d51f4b"
    tags                                 = {
        "name" = "sktech-vm1"
    }
    tags_all                             = {
        "name" = "sktech-vm1"
    }
    tenancy                              = "default"
    user_data_replace_on_change          = false
    vpc_security_group_ids               = [
        "sg-04aca16ea4116af97",
    ]

    capacity_reservation_specification {
        capacity_reservation_preference = "open"
    }

    cpu_options {
        core_count       = 1
        threads_per_core = 1
    }

    credit_specification {
        cpu_credits = "standard"
    }

    enclave_options {
        enabled = false
    }

    maintenance_options {
        auto_recovery = "default"
    }

    metadata_options {
        http_endpoint               = "enabled"
        http_protocol_ipv6          = "disabled"
        http_put_response_hop_limit = 1
        http_tokens                 = "optional"
        instance_metadata_tags      = "disabled"
    }

    private_dns_name_options {
        enable_resource_name_dns_a_record    = false
        enable_resource_name_dns_aaaa_record = false
        hostname_type                        = "ip-name"
    }

    root_block_device {
        delete_on_termination = true
        device_name           = "/dev/xvda"
        encrypted             = false
        iops                  = 100
        tags                  = {}
        throughput            = 0
        volume_id             = "vol-084c82887bb2e88e2"
        volume_size           = 8
        volume_type           = "gp2"
    }
}


Outputs:
